# This file is automatically @generated by Cargo.
# It is not intended for manual editing.
version = 3

[[package]]
name = "cmasfo-dev"
version = "0.0.33"
source = "registry+https://github.com/rust-lang/crates.io-index"
checksum = "d51bba9d47bc81c9a0dcbc15cc496d5e967761a2b254f5aa95bd54cb19237bcb"

[[package]]
name = "cmasfo-ssg"
version = "0.1.0"
dependencies = [
 "cmasfo-dev",
]
